
Microsoft Visual Studio Solution File, Format Version 12.00
# Visual Studio 15
VisualStudioVersion = 15.0.27703.2042
MinimumVisualStudioVersion = 10.0.40219.1
Project("{FAE04EC0-301F-11D3-BF4B-00C04F79EFBC}") = "FizzBuzz", "FizzBuzz\FizzBuzz.csproj", "{6F5D1175-4460-4E90-B387-B10206129E03}"
EndProject
Project("{FAE04EC0-301F-11D3-BF4B-00C04F79EFBC}") = "FizzBuzzTest", "FizzBuzzTest\FizzBuzzTest.csproj", "{798D331A-3D4E-4570-AE70-BE57476DBDF2}"
EndProject
Global
	GlobalSection(SolutionConfigurationPlatforms) = preSolution
		Debug|Any CPU = Debug|Any CPU
		Release|Any CPU = Release|Any CPU
	EndGlobalSection
	GlobalSection(ProjectConfigurationPlatforms) = postSolution
		{6F5D1175-4460-4E90-B387-B10206129E03}.Debug|Any CPU.ActiveCfg = Debug|Any CPU
		{6F5D1175-4460-4E90-B387-B10206129E03}.Debug|Any CPU.Build.0 = Debug|Any CPU
		{6F5D1175-4460-4E90-B387-B10206129E03}.Release|Any CPU.ActiveCfg = Release|Any CPU
		{6F5D1175-4460-4E90-B387-B10206129E03}.Release|Any CPU.Build.0 = Release|Any CPU
		{798D331A-3D4E-4570-AE70-BE57476DBDF2}.Debug|Any CPU.ActiveCfg = Debug|Any CPU
		{798D331A-3D4E-4570-AE70-BE57476DBDF2}.Debug|Any CPU.Build.0 = Debug|Any CPU
		{798D331A-3D4E-4570-AE70-BE57476DBDF2}.Release|Any CPU.ActiveCfg = Release|Any CPU
		{798D331A-3D4E-4570-AE70-BE57476DBDF2}.Release|Any CPU.Build.0 = Release|Any CPU
	EndGlobalSection
	GlobalSection(SolutionProperties) = preSolution
		HideSolutionNode = FALSE
	EndGlobalSection
	GlobalSection(ExtensibilityGlobals) = postSolution
		SolutionGuid = {AA4C2607-4E75-4060-8513-0198E92E62C3}
	EndGlobalSection
EndGlobal
